{
  "version": 4,
  "terraform_version": "1.0.11",
  "serial": 53,
  "lineage": "00bfc84e-8221-7d88-607c-07ac803fecb2",
  "outputs": {
    "output_data": {
      "value": {
        "public_subnet_id": [
          "subnet-04635ee4cbb5e5585",
          "subnet-0205e35033e33caad"
        ],
        "vpc_id": "vpc-001d5801ef363caa0"
      },
      "type": [
        "object",
        {
          "public_subnet_id": [
            "tuple",
            [
              "string",
              "string"
            ]
          ],
          "vpc_id": "string"
        }
      ]
    }
  },
  "resources": [
    {
      "mode": "data",
      "type": "aws_secretsmanager_secret",
      "name": "by-name",
      "provider": "provider[\"registry.terraform.io/hashicorp/aws\"]",
      "instances": [
        {
          "schema_version": 0,
          "attributes": {
            "arn": "arn:aws:secretsmanager:us-east-1:540282036386:secret:my-postgres-cred-JWvBNo",
            "description": "",
            "id": "arn:aws:secretsmanager:us-east-1:540282036386:secret:my-postgres-cred-JWvBNo",
            "kms_key_id": "",
            "name": "my-postgres-cred",
            "policy": "",
            "rotation_enabled": false,
            "rotation_lambda_arn": "",
            "rotation_rules": [],
            "tags": {}
          },
          "sensitive_attributes": []
        }
      ]
    },
    {
      "mode": "managed",
      "type": "aws_db_subnet_group",
      "name": "rds_subnet",
      "provider": "provider[\"registry.terraform.io/hashicorp/aws\"]",
      "instances": [
        {
          "schema_version": 0,
          "attributes": {
            "arn": "arn:aws:rds:us-east-1:540282036386:subgrp:rds_subnet",
            "description": "Managed by Terraform",
            "id": "rds_subnet",
            "name": "rds_subnet",
            "name_prefix": null,
            "subnet_ids": [
              "subnet-03ae6a4e0605ce9b1",
              "subnet-0a00f08ac59f21493"
            ],
            "tags": {
              "Name": "rds-subnet-group"
            },
            "tags_all": {
              "Name": "rds-subnet-group"
            }
          },
          "sensitive_attributes": [],
          "private": "bnVsbA==",
          "dependencies": [
            "module.vpc.aws_vpc.VPC",
            "module.vpc.data.aws_availability_zones.available",
            "module.vpc.aws_route_table.PublicRouteTable",
            "module.vpc.aws_subnet.PrivateSubnet",
            "module.vpc.aws_subnet.PublicSubnet"
          ]
        }
      ]
    },
    {
      "module": "module.SG",
      "mode": "managed",
      "type": "aws_security_group",
      "name": "InstanceSecurityGroup",
      "provider": "provider[\"registry.terraform.io/hashicorp/aws\"]",
      "instances": [
        {
          "schema_version": 1,
          "attributes": {
            "arn": "arn:aws:ec2:us-east-1:540282036386:security-group/sg-0059484952ab134bd",
            "description": "Security Group for EC2-Instance",
            "egress": [
              {
                "cidr_blocks": [
                  "0.0.0.0/0"
                ],
                "description": "",
                "from_port": 0,
                "ipv6_cidr_blocks": [],
                "prefix_list_ids": [],
                "protocol": "-1",
                "security_groups": [],
                "self": false,
                "to_port": 0
              }
            ],
            "id": "sg-0059484952ab134bd",
            "ingress": [
              {
                "cidr_blocks": [
                  "0.0.0.0/0"
                ],
                "description": "HTTP Access from anywhere",
                "from_port": 80,
                "ipv6_cidr_blocks": [],
                "prefix_list_ids": [],
                "protocol": "tcp",
                "security_groups": [],
                "self": false,
                "to_port": 80
              },
              {
                "cidr_blocks": [
                  "0.0.0.0/0"
                ],
                "description": "HTTPS Access from anywhere",
                "from_port": 443,
                "ipv6_cidr_blocks": [],
                "prefix_list_ids": [],
                "protocol": "tcp",
                "security_groups": [],
                "self": false,
                "to_port": 443
              },
              {
                "cidr_blocks": [
                  "0.0.0.0/0"
                ],
                "description": "POSTGRES Access from anywhere",
                "from_port": 5432,
                "ipv6_cidr_blocks": [],
                "prefix_list_ids": [],
                "protocol": "tcp",
                "security_groups": [],
                "self": false,
                "to_port": 5432
              },
              {
                "cidr_blocks": [
                  "0.0.0.0/0"
                ],
                "description": "SSH Access from anywhere",
                "from_port": 22,
                "ipv6_cidr_blocks": [],
                "prefix_list_ids": [],
                "protocol": "tcp",
                "security_groups": [],
                "self": false,
                "to_port": 22
              }
            ],
            "name": "default-InstanceSecurityGroup",
            "name_prefix": "",
            "owner_id": "540282036386",
            "revoke_rules_on_delete": false,
            "tags": {
              "Name": "default-Instance-SG"
            },
            "tags_all": {
              "Name": "default-Instance-SG"
            },
            "timeouts": null,
            "vpc_id": "vpc-001d5801ef363caa0"
          },
          "sensitive_attributes": [],
          "private": "eyJlMmJmYjczMC1lY2FhLTExZTYtOGY4OC0zNDM2M2JjN2M0YzAiOnsiY3JlYXRlIjo2MDAwMDAwMDAwMDAsImRlbGV0ZSI6OTAwMDAwMDAwMDAwfSwic2NoZW1hX3ZlcnNpb24iOiIxIn0=",
          "dependencies": [
            "module.vpc.aws_vpc.VPC",
            "module.vpc.data.aws_availability_zones.available",
            "module.vpc.aws_route_table.PublicRouteTable",
            "module.vpc.aws_subnet.PrivateSubnet",
            "module.vpc.aws_subnet.PublicSubnet"
          ]
        }
      ]
    },
    {
      "module": "module.SG2",
      "mode": "managed",
      "type": "aws_security_group",
      "name": "InstanceSecurityGroup",
      "provider": "provider[\"registry.terraform.io/hashicorp/aws\"]",
      "instances": [
        {
          "schema_version": 1,
          "attributes": {
            "arn": "arn:aws:ec2:us-east-1:540282036386:security-group/sg-0c7a94743b9eaebeb",
            "description": "Security Group for EC2-Instance",
            "egress": [
              {
                "cidr_blocks": [
                  "0.0.0.0/0"
                ],
                "description": "",
                "from_port": 0,
                "ipv6_cidr_blocks": [],
                "prefix_list_ids": [],
                "protocol": "-1",
                "security_groups": [],
                "self": false,
                "to_port": 0
              }
            ],
            "id": "sg-0c7a94743b9eaebeb",
            "ingress": [
              {
                "cidr_blocks": [
                  "0.0.0.0/0"
                ],
                "description": "HTTP Access from anywhere",
                "from_port": 80,
                "ipv6_cidr_blocks": [],
                "prefix_list_ids": [],
                "protocol": "tcp",
                "security_groups": [],
                "self": false,
                "to_port": 80
              },
              {
                "cidr_blocks": [
                  "0.0.0.0/0"
                ],
                "description": "HTTPS Access from anywhere",
                "from_port": 443,
                "ipv6_cidr_blocks": [],
                "prefix_list_ids": [],
                "protocol": "tcp",
                "security_groups": [],
                "self": false,
                "to_port": 443
              },
              {
                "cidr_blocks": [
                  "0.0.0.0/0"
                ],
                "description": "POSTGRES Access from anywhere",
                "from_port": 5432,
                "ipv6_cidr_blocks": [],
                "prefix_list_ids": [],
                "protocol": "tcp",
                "security_groups": [],
                "self": false,
                "to_port": 5432
              },
              {
                "cidr_blocks": [
                  "0.0.0.0/0"
                ],
                "description": "SSH Access from anywhere",
                "from_port": 22,
                "ipv6_cidr_blocks": [],
                "prefix_list_ids": [],
                "protocol": "tcp",
                "security_groups": [],
                "self": false,
                "to_port": 22
              }
            ],
            "name": "default-InstanceSecurityGroup",
            "name_prefix": "",
            "owner_id": "540282036386",
            "revoke_rules_on_delete": false,
            "tags": {
              "Name": "default-Instance-SG"
            },
            "tags_all": {
              "Name": "default-Instance-SG"
            },
            "timeouts": null,
            "vpc_id": "vpc-0743d1262d051d0d8"
          },
          "sensitive_attributes": [],
          "private": "eyJlMmJmYjczMC1lY2FhLTExZTYtOGY4OC0zNDM2M2JjN2M0YzAiOnsiY3JlYXRlIjo2MDAwMDAwMDAwMDAsImRlbGV0ZSI6OTAwMDAwMDAwMDAwfSwic2NoZW1hX3ZlcnNpb24iOiIxIn0=",
          "dependencies": [
            "module.secondaryvpc.aws_vpc.VPC",
            "module.secondaryvpc.data.aws_availability_zones.available",
            "module.secondaryvpc.aws_route_table.PublicRouteTable",
            "module.secondaryvpc.aws_subnet.PrivateSubnet",
            "module.secondaryvpc.aws_subnet.PublicSubnet"
          ]
        }
      ]
    },
    {
      "module": "module.master.module.db_instance",
      "mode": "data",
      "type": "aws_iam_policy_document",
      "name": "enhanced_monitoring",
      "provider": "provider[\"registry.terraform.io/hashicorp/aws\"]",
      "instances": [
        {
          "schema_version": 0,
          "attributes": {
            "id": "1813475199",
            "json": "{\n  \"Version\": \"2012-10-17\",\n  \"Statement\": [\n    {\n      \"Sid\": \"\",\n      \"Effect\": \"Allow\",\n      \"Action\": \"sts:AssumeRole\",\n      \"Principal\": {\n        \"Service\": \"monitoring.rds.amazonaws.com\"\n      }\n    }\n  ]\n}",
            "override_json": null,
            "override_policy_documents": null,
            "policy_id": null,
            "source_json": null,
            "source_policy_documents": null,
            "statement": [
              {
                "actions": [
                  "sts:AssumeRole"
                ],
                "condition": [],
                "effect": "Allow",
                "not_actions": [],
                "not_principals": [],
                "not_resources": [],
                "principals": [
                  {
                    "identifiers": [
                      "monitoring.rds.amazonaws.com"
                    ],
                    "type": "Service"
                  }
                ],
                "resources": [],
                "sid": ""
              }
            ],
            "version": "2012-10-17"
          },
          "sensitive_attributes": []
        }
      ]
    },
    {
      "module": "module.master.module.db_instance",
      "mode": "data",
      "type": "aws_partition",
      "name": "current",
      "provider": "provider[\"registry.terraform.io/hashicorp/aws\"]",
      "instances": [
        {
          "schema_version": 0,
          "attributes": {
            "dns_suffix": "amazonaws.com",
            "id": "aws",
            "partition": "aws",
            "reverse_dns_prefix": "com.amazonaws"
          },
          "sensitive_attributes": []
        }
      ]
    },
    {
      "module": "module.master.module.db_instance",
      "mode": "managed",
      "type": "aws_db_instance",
      "name": "this",
      "provider": "provider[\"registry.terraform.io/hashicorp/aws\"]",
      "instances": [
        {
          "index_key": 0,
          "schema_version": 1,
          "attributes": {
            "address": "replica-postgresql-master.c4zwwarjcgao.us-east-1.rds.amazonaws.com",
            "allocated_storage": 20,
            "allow_major_version_upgrade": false,
            "apply_immediately": false,
            "arn": "arn:aws:rds:us-east-1:540282036386:db:replica-postgresql-master",
            "auto_minor_version_upgrade": true,
            "availability_zone": "us-east-1a",
            "backup_retention_period": 1,
            "backup_window": "03:00-06:00",
            "ca_cert_identifier": "rds-ca-2019",
            "character_set_name": "",
            "copy_tags_to_snapshot": false,
            "customer_owned_ip_enabled": false,
            "db_subnet_group_name": "rds_subnet",
            "delete_automated_backups": true,
            "deletion_protection": false,
            "domain": "",
            "domain_iam_role_name": "",
            "enabled_cloudwatch_logs_exports": [
              "postgresql",
              "upgrade"
            ],
            "endpoint": "replica-postgresql-master.c4zwwarjcgao.us-east-1.rds.amazonaws.com:5432",
            "engine": "postgres",
            "engine_version": "11.10",
            "engine_version_actual": "11.10",
            "final_snapshot_identifier": null,
            "hosted_zone_id": "Z2R2ITUGPM61AM",
            "iam_database_authentication_enabled": false,
            "id": "replica-postgresql-master",
            "identifier": "replica-postgresql-master",
            "identifier_prefix": null,
            "instance_class": "db.t2.micro",
            "iops": 0,
            "kms_key_id": "",
            "latest_restorable_time": "2022-01-16T22:44:36Z",
            "license_model": "postgresql-license",
            "maintenance_window": "mon:00:00-mon:03:00",
            "max_allocated_storage": 100,
            "monitoring_interval": 0,
            "monitoring_role_arn": "",
            "multi_az": true,
            "name": "replicaPostgresql",
            "nchar_character_set_name": "",
            "option_group_name": "default:postgres-11",
            "parameter_group_name": "replica-postgresql-master-20220116194715648000000001",
            "password": "testrds123",
            "performance_insights_enabled": false,
            "performance_insights_kms_key_id": "",
            "performance_insights_retention_period": 0,
            "port": 5432,
            "publicly_accessible": false,
            "replica_mode": "",
            "replicas": [],
            "replicate_source_db": "",
            "resource_id": "db-YPAC5W5SHGRG44L53JQ6K3ECWE",
            "restore_to_point_in_time": [],
            "s3_import": [],
            "security_group_names": [],
            "skip_final_snapshot": true,
            "snapshot_identifier": null,
            "status": "available",
            "storage_encrypted": false,
            "storage_type": "gp2",
            "tags": {
              "Environment": "dev",
              "Name": "replica-postgresql-master",
              "Owner": "user"
            },
            "tags_all": {
              "Environment": "dev",
              "Name": "replica-postgresql-master",
              "Owner": "user"
            },
            "timeouts": {
              "create": "40m",
              "delete": "40m",
              "update": "80m"
            },
            "timezone": "",
            "username": "replica_postgresql",
            "vpc_security_group_ids": [
              "sg-0059484952ab134bd"
            ]
          },
          "sensitive_attributes": [],
          "private": "eyJlMmJmYjczMC1lY2FhLTExZTYtOGY4OC0zNDM2M2JjN2M0YzAiOnsiY3JlYXRlIjoyNDAwMDAwMDAwMDAwLCJkZWxldGUiOjI0MDAwMDAwMDAwMDAsInVwZGF0ZSI6NDgwMDAwMDAwMDAwMH0sInNjaGVtYV92ZXJzaW9uIjoiMSJ9",
          "dependencies": [
            "module.master.module.db_instance.data.aws_iam_policy_document.enhanced_monitoring",
            "module.master.module.db_instance.random_id.snapshot_identifier",
            "module.SG.aws_security_group.InstanceSecurityGroup",
            "module.vpc.aws_vpc.VPC",
            "module.vpc.data.aws_availability_zones.available",
            "aws_db_subnet_group.rds_subnet",
            "module.master.module.db_instance.aws_iam_role.enhanced_monitoring",
            "module.master.module.db_parameter_group.aws_db_parameter_group.this",
            "module.master.module.db_subnet_group.aws_db_subnet_group.this",
            "module.master.module.db_option_group.aws_db_option_group.this",
            "module.master.random_password.master_password",
            "module.vpc.aws_route_table.PublicRouteTable",
            "module.vpc.aws_subnet.PrivateSubnet",
            "module.vpc.aws_subnet.PublicSubnet"
          ]
        }
      ]
    },
    {
      "module": "module.master.module.db_parameter_group",
      "mode": "managed",
      "type": "aws_db_parameter_group",
      "name": "this",
      "provider": "provider[\"registry.terraform.io/hashicorp/aws\"]",
      "instances": [
        {
          "index_key": 0,
          "schema_version": 0,
          "attributes": {
            "arn": "arn:aws:rds:us-east-1:540282036386:pg:replica-postgresql-master-20220116194715648000000001",
            "description": "replica-postgresql-master parameter group",
            "family": "postgres11",
            "id": "replica-postgresql-master-20220116194715648000000001",
            "name": "replica-postgresql-master-20220116194715648000000001",
            "name_prefix": "replica-postgresql-master-",
            "parameter": [],
            "tags": {
              "Environment": "dev",
              "Name": "replica-postgresql-master",
              "Owner": "user"
            },
            "tags_all": {
              "Environment": "dev",
              "Name": "replica-postgresql-master",
              "Owner": "user"
            }
          },
          "sensitive_attributes": [],
          "private": "bnVsbA==",
          "create_before_destroy": true
        }
      ]
    },
    {
      "module": "module.replica.module.db_instance",
      "mode": "data",
      "type": "aws_iam_policy_document",
      "name": "enhanced_monitoring",
      "provider": "provider[\"registry.terraform.io/hashicorp/aws\"]",
      "instances": [
        {
          "schema_version": 0,
          "attributes": {
            "id": "1813475199",
            "json": "{\n  \"Version\": \"2012-10-17\",\n  \"Statement\": [\n    {\n      \"Sid\": \"\",\n      \"Effect\": \"Allow\",\n      \"Action\": \"sts:AssumeRole\",\n      \"Principal\": {\n        \"Service\": \"monitoring.rds.amazonaws.com\"\n      }\n    }\n  ]\n}",
            "override_json": null,
            "override_policy_documents": null,
            "policy_id": null,
            "source_json": null,
            "source_policy_documents": null,
            "statement": [
              {
                "actions": [
                  "sts:AssumeRole"
                ],
                "condition": [],
                "effect": "Allow",
                "not_actions": [],
                "not_principals": [],
                "not_resources": [],
                "principals": [
                  {
                    "identifiers": [
                      "monitoring.rds.amazonaws.com"
                    ],
                    "type": "Service"
                  }
                ],
                "resources": [],
                "sid": ""
              }
            ],
            "version": "2012-10-17"
          },
          "sensitive_attributes": []
        }
      ]
    },
    {
      "module": "module.replica.module.db_instance",
      "mode": "data",
      "type": "aws_partition",
      "name": "current",
      "provider": "provider[\"registry.terraform.io/hashicorp/aws\"]",
      "instances": [
        {
          "schema_version": 0,
          "attributes": {
            "dns_suffix": "amazonaws.com",
            "id": "aws",
            "partition": "aws",
            "reverse_dns_prefix": "com.amazonaws"
          },
          "sensitive_attributes": []
        }
      ]
    },
    {
      "module": "module.replica.module.db_instance",
      "mode": "managed",
      "type": "aws_db_instance",
      "name": "this",
      "provider": "provider[\"registry.terraform.io/hashicorp/aws\"]",
      "instances": [
        {
          "index_key": 0,
          "schema_version": 1,
          "attributes": {
            "address": "replica-postgresql-replica.c4zwwarjcgao.us-east-1.rds.amazonaws.com",
            "allocated_storage": 20,
            "allow_major_version_upgrade": false,
            "apply_immediately": false,
            "arn": "arn:aws:rds:us-east-1:540282036386:db:replica-postgresql-replica",
            "auto_minor_version_upgrade": true,
            "availability_zone": "us-east-1a",
            "backup_retention_period": 0,
            "backup_window": "03:00-06:00",
            "ca_cert_identifier": "rds-ca-2019",
            "character_set_name": "",
            "copy_tags_to_snapshot": false,
            "customer_owned_ip_enabled": false,
            "db_subnet_group_name": "rds_subnet",
            "delete_automated_backups": true,
            "deletion_protection": false,
            "domain": "",
            "domain_iam_role_name": "",
            "enabled_cloudwatch_logs_exports": [
              "postgresql",
              "upgrade"
            ],
            "endpoint": "replica-postgresql-replica.c4zwwarjcgao.us-east-1.rds.amazonaws.com:5432",
            "engine": "postgres",
            "engine_version": "11.10",
            "engine_version_actual": "11.10",
            "final_snapshot_identifier": null,
            "hosted_zone_id": "Z2R2ITUGPM61AM",
            "iam_database_authentication_enabled": false,
            "id": "replica-postgresql-replica",
            "identifier": "replica-postgresql-replica",
            "identifier_prefix": null,
            "instance_class": "db.t2.micro",
            "iops": 0,
            "kms_key_id": "",
            "latest_restorable_time": "0001-01-01T00:00:00Z",
            "license_model": "postgresql-license",
            "maintenance_window": "tue:00:00-tue:03:00",
            "max_allocated_storage": 100,
            "monitoring_interval": 0,
            "monitoring_role_arn": "",
            "multi_az": false,
            "name": "replicaPostgresql",
            "nchar_character_set_name": "",
            "option_group_name": "default:postgres-11",
            "parameter_group_name": "replica-postgresql-replica-20220116224214124900000001",
            "password": null,
            "performance_insights_enabled": false,
            "performance_insights_kms_key_id": "",
            "performance_insights_retention_period": 0,
            "port": 5432,
            "publicly_accessible": false,
            "replica_mode": "",
            "replicas": [],
            "replicate_source_db": "replica-postgresql-master",
            "resource_id": "db-CUN2OUH66UTF4JIJRKTM2JNR5Q",
            "restore_to_point_in_time": [],
            "s3_import": [],
            "security_group_names": null,
            "skip_final_snapshot": true,
            "snapshot_identifier": null,
            "status": "available",
            "storage_encrypted": false,
            "storage_type": "gp2",
            "tags": {
              "Environment": "dev",
              "Name": "replica-postgresql-replica",
              "Owner": "user"
            },
            "tags_all": {
              "Environment": "dev",
              "Name": "replica-postgresql-replica",
              "Owner": "user"
            },
            "timeouts": {
              "create": "40m",
              "delete": "40m",
              "update": "80m"
            },
            "timezone": "",
            "username": "replica_postgresql",
            "vpc_security_group_ids": [
              "sg-0059484952ab134bd"
            ]
          },
          "sensitive_attributes": [],
          "private": "eyJlMmJmYjczMC1lY2FhLTExZTYtOGY4OC0zNDM2M2JjN2M0YzAiOnsiY3JlYXRlIjoyNDAwMDAwMDAwMDAwLCJkZWxldGUiOjI0MDAwMDAwMDAwMDAsInVwZGF0ZSI6NDgwMDAwMDAwMDAwMH0sInNjaGVtYV92ZXJzaW9uIjoiMSJ9",
          "dependencies": [
            "module.SG.aws_security_group.InstanceSecurityGroup",
            "module.master.module.db_instance.aws_db_instance.this",
            "module.master.module.db_instance.aws_db_instance.this_mssql",
            "module.replica.module.db_instance.aws_iam_role.enhanced_monitoring",
            "module.replica.module.db_instance.random_id.snapshot_identifier",
            "module.replica.module.db_option_group.aws_db_option_group.this",
            "module.replica.module.db_parameter_group.aws_db_parameter_group.this",
            "module.replica.module.db_subnet_group.aws_db_subnet_group.this",
            "module.replica.random_password.master_password"
          ]
        }
      ]
    },
    {
      "module": "module.replica.module.db_parameter_group",
      "mode": "managed",
      "type": "aws_db_parameter_group",
      "name": "this",
      "provider": "provider[\"registry.terraform.io/hashicorp/aws\"]",
      "instances": [
        {
          "index_key": 0,
          "schema_version": 0,
          "attributes": {
            "arn": "arn:aws:rds:us-east-1:540282036386:pg:replica-postgresql-replica-20220116224214124900000001",
            "description": "replica-postgresql-replica parameter group",
            "family": "postgres11",
            "id": "replica-postgresql-replica-20220116224214124900000001",
            "name": "replica-postgresql-replica-20220116224214124900000001",
            "name_prefix": "replica-postgresql-replica-",
            "parameter": [],
            "tags": {
              "Environment": "dev",
              "Name": "replica-postgresql-replica",
              "Owner": "user"
            },
            "tags_all": {
              "Environment": "dev",
              "Name": "replica-postgresql-replica",
              "Owner": "user"
            }
          },
          "sensitive_attributes": [],
          "private": "bnVsbA==",
          "create_before_destroy": true
        }
      ]
    },
    {
      "module": "module.s3",
      "mode": "managed",
      "type": "aws_s3_bucket",
      "name": "bucket",
      "provider": "provider[\"registry.terraform.io/hashicorp/aws\"]",
      "instances": [
        {
          "schema_version": 0,
          "attributes": {
            "acceleration_status": "",
            "acl": "private",
            "arn": "arn:aws:s3:::awsdevopsbucket0114",
            "bucket": "awsdevopsbucket0114",
            "bucket_domain_name": "awsdevopsbucket0114.s3.amazonaws.com",
            "bucket_prefix": null,
            "bucket_regional_domain_name": "awsdevopsbucket0114.s3.amazonaws.com",
            "cors_rule": [],
            "force_destroy": false,
            "grant": [],
            "hosted_zone_id": "Z3AQBSTGFYJSTF",
            "id": "awsdevopsbucket0114",
            "lifecycle_rule": [],
            "logging": [],
            "object_lock_configuration": [],
            "policy": null,
            "region": "us-east-1",
            "replication_configuration": [],
            "request_payer": "BucketOwner",
            "server_side_encryption_configuration": [],
            "tags": {
              "Environment": "VPC_EndPoint_test",
              "Name": "My bucket"
            },
            "tags_all": {
              "Environment": "VPC_EndPoint_test",
              "Name": "My bucket"
            },
            "versioning": [
              {
                "enabled": false,
                "mfa_delete": false
              }
            ],
            "website": [],
            "website_domain": null,
            "website_endpoint": null
          },
          "sensitive_attributes": [],
          "private": "bnVsbA=="
        }
      ]
    },
    {
      "module": "module.secondaryvpc",
      "mode": "data",
      "type": "aws_availability_zones",
      "name": "available",
      "provider": "provider[\"registry.terraform.io/hashicorp/aws\"]",
      "instances": [
        {
          "schema_version": 0,
          "attributes": {
            "all_availability_zones": null,
            "exclude_names": null,
            "exclude_zone_ids": null,
            "filter": null,
            "group_names": [
              "us-east-1"
            ],
            "id": "us-east-1",
            "names": [
              "us-east-1a",
              "us-east-1b",
              "us-east-1c",
              "us-east-1d",
              "us-east-1e",
              "us-east-1f"
            ],
            "state": "available",
            "zone_ids": [
              "use1-az4",
              "use1-az6",
              "use1-az1",
              "use1-az2",
              "use1-az3",
              "use1-az5"
            ]
          },
          "sensitive_attributes": []
        }
      ]
    },
    {
      "module": "module.secondaryvpc",
      "mode": "managed",
      "type": "aws_eip",
      "name": "ElasticIPAddress",
      "provider": "provider[\"registry.terraform.io/hashicorp/aws\"]",
      "instances": [
        {
          "schema_version": 0,
          "attributes": {
            "address": null,
            "allocation_id": "eipalloc-0588343202e7c69d9",
            "associate_with_private_ip": null,
            "association_id": "eipassoc-0a3db376af6579f89",
            "carrier_ip": "",
            "customer_owned_ip": "",
            "customer_owned_ipv4_pool": "",
            "domain": "vpc",
            "id": "eipalloc-0588343202e7c69d9",
            "instance": "",
            "network_border_group": "us-east-1",
            "network_interface": "eni-07386408ce8e56736",
            "private_dns": "ip-10-0-1-25.ec2.internal",
            "private_ip": "10.0.1.25",
            "public_dns": "ec2-3-212-221-243.compute-1.amazonaws.com",
            "public_ip": "3.212.221.243",
            "public_ipv4_pool": "amazon",
            "tags": {},
            "tags_all": {},
            "timeouts": null,
            "vpc": true
          },
          "sensitive_attributes": [],
          "private": "eyJlMmJmYjczMC1lY2FhLTExZTYtOGY4OC0zNDM2M2JjN2M0YzAiOnsiZGVsZXRlIjoxODAwMDAwMDAwMDAsInJlYWQiOjkwMDAwMDAwMDAwMCwidXBkYXRlIjozMDAwMDAwMDAwMDB9fQ==",
          "dependencies": [
            "module.secondaryvpc.aws_internet_gateway.InternetGateway",
            "module.secondaryvpc.aws_vpc.VPC"
          ]
        }
      ]
    },
    {
      "module": "module.secondaryvpc",
      "mode": "managed",
      "type": "aws_internet_gateway",
      "name": "InternetGateway",
      "provider": "provider[\"registry.terraform.io/hashicorp/aws\"]",
      "instances": [
        {
          "schema_version": 0,
          "attributes": {
            "arn": "arn:aws:ec2:us-east-1:540282036386:internet-gateway/igw-0e0bae6b164107ebc",
            "id": "igw-0e0bae6b164107ebc",
            "owner_id": "540282036386",
            "tags": {
              "Name": "default-InternetGateway"
            },
            "tags_all": {
              "Name": "default-InternetGateway"
            },
            "vpc_id": "vpc-0743d1262d051d0d8"
          },
          "sensitive_attributes": [],
          "private": "bnVsbA==",
          "dependencies": [
            "module.secondaryvpc.aws_vpc.VPC"
          ]
        }
      ]
    },
    {
      "module": "module.secondaryvpc",
      "mode": "managed",
      "type": "aws_nat_gateway",
      "name": "NATGateway",
      "provider": "provider[\"registry.terraform.io/hashicorp/aws\"]",
      "instances": [
        {
          "schema_version": 0,
          "attributes": {
            "allocation_id": "eipalloc-0588343202e7c69d9",
            "connectivity_type": "public",
            "id": "nat-0ddc4cf7ade545dd6",
            "network_interface_id": "eni-07386408ce8e56736",
            "private_ip": "10.0.1.25",
            "public_ip": "3.212.221.243",
            "subnet_id": "subnet-0a738013b3bcd7dbf",
            "tags": {
              "Name": "default-NATGateway"
            },
            "tags_all": {
              "Name": "default-NATGateway"
            }
          },
          "sensitive_attributes": [],
          "private": "bnVsbA==",
          "dependencies": [
            "module.secondaryvpc.aws_eip.ElasticIPAddress",
            "module.secondaryvpc.aws_internet_gateway.InternetGateway",
            "module.secondaryvpc.aws_subnet.PublicSubnet",
            "module.secondaryvpc.aws_vpc.VPC",
            "module.secondaryvpc.data.aws_availability_zones.available"
          ]
        }
      ]
    },
    {
      "module": "module.secondaryvpc",
      "mode": "managed",
      "type": "aws_route",
      "name": "PrivateRoute",
      "provider": "provider[\"registry.terraform.io/hashicorp/aws\"]",
      "instances": [
        {
          "schema_version": 0,
          "attributes": {
            "carrier_gateway_id": "",
            "destination_cidr_block": "0.0.0.0/0",
            "destination_ipv6_cidr_block": "",
            "destination_prefix_list_id": "",
            "egress_only_gateway_id": "",
            "gateway_id": "",
            "id": "r-rtb-07640a2243c1d278c1080289494",
            "instance_id": "",
            "instance_owner_id": "",
            "local_gateway_id": "",
            "nat_gateway_id": "nat-0ddc4cf7ade545dd6",
            "network_interface_id": "",
            "origin": "CreateRoute",
            "route_table_id": "rtb-07640a2243c1d278c",
            "state": "active",
            "timeouts": null,
            "transit_gateway_id": "",
            "vpc_endpoint_id": "",
            "vpc_peering_connection_id": ""
          },
          "sensitive_attributes": [],
          "private": "eyJlMmJmYjczMC1lY2FhLTExZTYtOGY4OC0zNDM2M2JjN2M0YzAiOnsiY3JlYXRlIjozMDAwMDAwMDAwMDAsImRlbGV0ZSI6MzAwMDAwMDAwMDAwLCJ1cGRhdGUiOjEyMDAwMDAwMDAwMH19",
          "dependencies": [
            "module.secondaryvpc.aws_nat_gateway.NATGateway",
            "module.secondaryvpc.aws_route_table.PrivateRouteTable"
          ]
        }
      ]
    },
    {
      "module": "module.secondaryvpc",
      "mode": "managed",
      "type": "aws_route",
      "name": "PublicRoute",
      "provider": "provider[\"registry.terraform.io/hashicorp/aws\"]",
      "instances": [
        {
          "schema_version": 0,
          "attributes": {
            "carrier_gateway_id": "",
            "destination_cidr_block": "0.0.0.0/0",
            "destination_ipv6_cidr_block": "",
            "destination_prefix_list_id": "",
            "egress_only_gateway_id": "",
            "gateway_id": "igw-0e0bae6b164107ebc",
            "id": "r-rtb-0a613463cbb4543961080289494",
            "instance_id": "",
            "instance_owner_id": "",
            "local_gateway_id": "",
            "nat_gateway_id": "",
            "network_interface_id": "",
            "origin": "CreateRoute",
            "route_table_id": "rtb-0a613463cbb454396",
            "state": "active",
            "timeouts": null,
            "transit_gateway_id": "",
            "vpc_endpoint_id": "",
            "vpc_peering_connection_id": ""
          },
          "sensitive_attributes": [],
          "private": "eyJlMmJmYjczMC1lY2FhLTExZTYtOGY4OC0zNDM2M2JjN2M0YzAiOnsiY3JlYXRlIjozMDAwMDAwMDAwMDAsImRlbGV0ZSI6MzAwMDAwMDAwMDAwLCJ1cGRhdGUiOjEyMDAwMDAwMDAwMH19",
          "dependencies": [
            "module.secondaryvpc.aws_internet_gateway.InternetGateway",
            "module.secondaryvpc.aws_route_table.PublicRouteTable",
            "module.secondaryvpc.aws_vpc.VPC"
          ]
        }
      ]
    },
    {
      "module": "module.secondaryvpc",
      "mode": "managed",
      "type": "aws_route_table",
      "name": "PrivateRouteTable",
      "provider": "provider[\"registry.terraform.io/hashicorp/aws\"]",
      "instances": [
        {
          "schema_version": 0,
          "attributes": {
            "arn": "arn:aws:ec2:us-east-1:540282036386:route-table/rtb-07640a2243c1d278c",
            "id": "rtb-07640a2243c1d278c",
            "owner_id": "540282036386",
            "propagating_vgws": [],
            "route": [
              {
                "carrier_gateway_id": "",
                "cidr_block": "0.0.0.0/0",
                "destination_prefix_list_id": "",
                "egress_only_gateway_id": "",
                "gateway_id": "",
                "instance_id": "",
                "ipv6_cidr_block": "",
                "local_gateway_id": "",
                "nat_gateway_id": "nat-0ddc4cf7ade545dd6",
                "network_interface_id": "",
                "transit_gateway_id": "",
                "vpc_endpoint_id": "",
                "vpc_peering_connection_id": ""
              }
            ],
            "tags": {
              "Name": "default-PrivateRouteTable"
            },
            "tags_all": {
              "Name": "default-PrivateRouteTable"
            },
            "timeouts": null,
            "vpc_id": "vpc-0743d1262d051d0d8"
          },
          "sensitive_attributes": [],
          "private": "eyJlMmJmYjczMC1lY2FhLTExZTYtOGY4OC0zNDM2M2JjN2M0YzAiOnsiY3JlYXRlIjozMDAwMDAwMDAwMDAsImRlbGV0ZSI6MzAwMDAwMDAwMDAwLCJ1cGRhdGUiOjEyMDAwMDAwMDAwMH19",
          "dependencies": [
            "module.secondaryvpc.aws_vpc.VPC"
          ]
        }
      ]
    },
    {
      "module": "module.secondaryvpc",
      "mode": "managed",
      "type": "aws_route_table",
      "name": "PublicRouteTable",
      "provider": "provider[\"registry.terraform.io/hashicorp/aws\"]",
      "instances": [
        {
          "schema_version": 0,
          "attributes": {
            "arn": "arn:aws:ec2:us-east-1:540282036386:route-table/rtb-0a613463cbb454396",
            "id": "rtb-0a613463cbb454396",
            "owner_id": "540282036386",
            "propagating_vgws": [],
            "route": [
              {
                "carrier_gateway_id": "",
                "cidr_block": "0.0.0.0/0",
                "destination_prefix_list_id": "",
                "egress_only_gateway_id": "",
                "gateway_id": "igw-0e0bae6b164107ebc",
                "instance_id": "",
                "ipv6_cidr_block": "",
                "local_gateway_id": "",
                "nat_gateway_id": "",
                "network_interface_id": "",
                "transit_gateway_id": "",
                "vpc_endpoint_id": "",
                "vpc_peering_connection_id": ""
              }
            ],
            "tags": {
              "Name": "default-PublicRouteTable"
            },
            "tags_all": {
              "Name": "default-PublicRouteTable"
            },
            "timeouts": null,
            "vpc_id": "vpc-0743d1262d051d0d8"
          },
          "sensitive_attributes": [],
          "private": "eyJlMmJmYjczMC1lY2FhLTExZTYtOGY4OC0zNDM2M2JjN2M0YzAiOnsiY3JlYXRlIjozMDAwMDAwMDAwMDAsImRlbGV0ZSI6MzAwMDAwMDAwMDAwLCJ1cGRhdGUiOjEyMDAwMDAwMDAwMH19",
          "dependencies": [
            "module.secondaryvpc.aws_vpc.VPC"
          ]
        }
      ]
    },
    {
      "module": "module.secondaryvpc",
      "mode": "managed",
      "type": "aws_route_table_association",
      "name": "PrivateSubnetRouteTableAssociation",
      "provider": "provider[\"registry.terraform.io/hashicorp/aws\"]",
      "instances": [
        {
          "index_key": 0,
          "schema_version": 0,
          "attributes": {
            "gateway_id": "",
            "id": "rtbassoc-0829b346971d4ff14",
            "route_table_id": "rtb-07640a2243c1d278c",
            "subnet_id": "subnet-0dc6a030fe90296cd"
          },
          "sensitive_attributes": [],
          "private": "bnVsbA==",
          "dependencies": [
            "module.secondaryvpc.aws_route_table.PrivateRouteTable",
            "module.secondaryvpc.aws_subnet.PrivateSubnet",
            "module.secondaryvpc.aws_vpc.VPC",
            "module.secondaryvpc.data.aws_availability_zones.available"
          ]
        },
        {
          "index_key": 1,
          "schema_version": 0,
          "attributes": {
            "gateway_id": "",
            "id": "rtbassoc-0c7409f5f3e61a053",
            "route_table_id": "rtb-07640a2243c1d278c",
            "subnet_id": "subnet-08ad1f6d277e0ab5e"
          },
          "sensitive_attributes": [],
          "private": "bnVsbA==",
          "dependencies": [
            "module.secondaryvpc.aws_route_table.PrivateRouteTable",
            "module.secondaryvpc.aws_subnet.PrivateSubnet",
            "module.secondaryvpc.aws_vpc.VPC",
            "module.secondaryvpc.data.aws_availability_zones.available"
          ]
        }
      ]
    },
    {
      "module": "module.secondaryvpc",
      "mode": "managed",
      "type": "aws_route_table_association",
      "name": "PublicSubnetRouteTableAssociation",
      "provider": "provider[\"registry.terraform.io/hashicorp/aws\"]",
      "instances": [
        {
          "index_key": 0,
          "schema_version": 0,
          "attributes": {
            "gateway_id": "",
            "id": "rtbassoc-076b2aa09d088885a",
            "route_table_id": "rtb-0a613463cbb454396",
            "subnet_id": "subnet-0a738013b3bcd7dbf"
          },
          "sensitive_attributes": [],
          "private": "bnVsbA==",
          "dependencies": [
            "module.secondaryvpc.aws_route_table.PublicRouteTable",
            "module.secondaryvpc.aws_subnet.PublicSubnet",
            "module.secondaryvpc.aws_vpc.VPC",
            "module.secondaryvpc.data.aws_availability_zones.available"
          ]
        },
        {
          "index_key": 1,
          "schema_version": 0,
          "attributes": {
            "gateway_id": "",
            "id": "rtbassoc-0d86175c041684d5d",
            "route_table_id": "rtb-0a613463cbb454396",
            "subnet_id": "subnet-0b051d8e40d3473d4"
          },
          "sensitive_attributes": [],
          "private": "bnVsbA==",
          "dependencies": [
            "module.secondaryvpc.aws_route_table.PublicRouteTable",
            "module.secondaryvpc.aws_subnet.PublicSubnet",
            "module.secondaryvpc.aws_vpc.VPC",
            "module.secondaryvpc.data.aws_availability_zones.available"
          ]
        }
      ]
    },
    {
      "module": "module.secondaryvpc",
      "mode": "managed",
      "type": "aws_subnet",
      "name": "PrivateSubnet",
      "provider": "provider[\"registry.terraform.io/hashicorp/aws\"]",
      "instances": [
        {
          "index_key": 0,
          "schema_version": 1,
          "attributes": {
            "arn": "arn:aws:ec2:us-east-1:540282036386:subnet/subnet-0dc6a030fe90296cd",
            "assign_ipv6_address_on_creation": false,
            "availability_zone": "us-east-1a",
            "availability_zone_id": "use1-az4",
            "cidr_block": "10.0.3.0/24",
            "customer_owned_ipv4_pool": "",
            "enable_dns64": false,
            "enable_resource_name_dns_a_record_on_launch": false,
            "enable_resource_name_dns_aaaa_record_on_launch": false,
            "id": "subnet-0dc6a030fe90296cd",
            "ipv6_cidr_block": "",
            "ipv6_cidr_block_association_id": "",
            "ipv6_native": false,
            "map_customer_owned_ip_on_launch": false,
            "map_public_ip_on_launch": false,
            "outpost_arn": "",
            "owner_id": "540282036386",
            "private_dns_hostname_type_on_launch": "ip-name",
            "tags": {
              "Name": "default-PrivateSubnet1"
            },
            "tags_all": {
              "Name": "default-PrivateSubnet1"
            },
            "timeouts": null,
            "vpc_id": "vpc-0743d1262d051d0d8"
          },
          "sensitive_attributes": [],
          "private": "eyJlMmJmYjczMC1lY2FhLTExZTYtOGY4OC0zNDM2M2JjN2M0YzAiOnsiY3JlYXRlIjo2MDAwMDAwMDAwMDAsImRlbGV0ZSI6MTIwMDAwMDAwMDAwMH0sInNjaGVtYV92ZXJzaW9uIjoiMSJ9",
          "dependencies": [
            "module.secondaryvpc.aws_vpc.VPC",
            "module.secondaryvpc.data.aws_availability_zones.available"
          ]
        },
        {
          "index_key": 1,
          "schema_version": 1,
          "attributes": {
            "arn": "arn:aws:ec2:us-east-1:540282036386:subnet/subnet-08ad1f6d277e0ab5e",
            "assign_ipv6_address_on_creation": false,
            "availability_zone": "us-east-1b",
            "availability_zone_id": "use1-az6",
            "cidr_block": "10.0.4.0/24",
            "customer_owned_ipv4_pool": "",
            "enable_dns64": false,
            "enable_resource_name_dns_a_record_on_launch": false,
            "enable_resource_name_dns_aaaa_record_on_launch": false,
            "id": "subnet-08ad1f6d277e0ab5e",
            "ipv6_cidr_block": "",
            "ipv6_cidr_block_association_id": "",
            "ipv6_native": false,
            "map_customer_owned_ip_on_launch": false,
            "map_public_ip_on_launch": false,
            "outpost_arn": "",
            "owner_id": "540282036386",
            "private_dns_hostname_type_on_launch": "ip-name",
            "tags": {
              "Name": "default-PrivateSubnet2"
            },
            "tags_all": {
              "Name": "default-PrivateSubnet2"
            },
            "timeouts": null,
            "vpc_id": "vpc-0743d1262d051d0d8"
          },
          "sensitive_attributes": [],
          "private": "eyJlMmJmYjczMC1lY2FhLTExZTYtOGY4OC0zNDM2M2JjN2M0YzAiOnsiY3JlYXRlIjo2MDAwMDAwMDAwMDAsImRlbGV0ZSI6MTIwMDAwMDAwMDAwMH0sInNjaGVtYV92ZXJzaW9uIjoiMSJ9",
          "dependencies": [
            "module.secondaryvpc.aws_vpc.VPC",
            "module.secondaryvpc.data.aws_availability_zones.available"
          ]
        }
      ]
    },
    {
      "module": "module.secondaryvpc",
      "mode": "managed",
      "type": "aws_subnet",
      "name": "PublicSubnet",
      "provider": "provider[\"registry.terraform.io/hashicorp/aws\"]",
      "instances": [
        {
          "index_key": 0,
          "schema_version": 1,
          "attributes": {
            "arn": "arn:aws:ec2:us-east-1:540282036386:subnet/subnet-0a738013b3bcd7dbf",
            "assign_ipv6_address_on_creation": false,
            "availability_zone": "us-east-1a",
            "availability_zone_id": "use1-az4",
            "cidr_block": "10.0.1.0/24",
            "customer_owned_ipv4_pool": "",
            "enable_dns64": false,
            "enable_resource_name_dns_a_record_on_launch": false,
            "enable_resource_name_dns_aaaa_record_on_launch": false,
            "id": "subnet-0a738013b3bcd7dbf",
            "ipv6_cidr_block": "",
            "ipv6_cidr_block_association_id": "",
            "ipv6_native": false,
            "map_customer_owned_ip_on_launch": false,
            "map_public_ip_on_launch": true,
            "outpost_arn": "",
            "owner_id": "540282036386",
            "private_dns_hostname_type_on_launch": "ip-name",
            "tags": {
              "Name": "default-PublicSubnet1"
            },
            "tags_all": {
              "Name": "default-PublicSubnet1"
            },
            "timeouts": null,
            "vpc_id": "vpc-0743d1262d051d0d8"
          },
          "sensitive_attributes": [],
          "private": "eyJlMmJmYjczMC1lY2FhLTExZTYtOGY4OC0zNDM2M2JjN2M0YzAiOnsiY3JlYXRlIjo2MDAwMDAwMDAwMDAsImRlbGV0ZSI6MTIwMDAwMDAwMDAwMH0sInNjaGVtYV92ZXJzaW9uIjoiMSJ9",
          "dependencies": [
            "module.secondaryvpc.aws_vpc.VPC",
            "module.secondaryvpc.data.aws_availability_zones.available"
          ]
        },
        {
          "index_key": 1,
          "schema_version": 1,
          "attributes": {
            "arn": "arn:aws:ec2:us-east-1:540282036386:subnet/subnet-0b051d8e40d3473d4",
            "assign_ipv6_address_on_creation": false,
            "availability_zone": "us-east-1b",
            "availability_zone_id": "use1-az6",
            "cidr_block": "10.0.2.0/24",
            "customer_owned_ipv4_pool": "",
            "enable_dns64": false,
            "enable_resource_name_dns_a_record_on_launch": false,
            "enable_resource_name_dns_aaaa_record_on_launch": false,
            "id": "subnet-0b051d8e40d3473d4",
            "ipv6_cidr_block": "",
            "ipv6_cidr_block_association_id": "",
            "ipv6_native": false,
            "map_customer_owned_ip_on_launch": false,
            "map_public_ip_on_launch": true,
            "outpost_arn": "",
            "owner_id": "540282036386",
            "private_dns_hostname_type_on_launch": "ip-name",
            "tags": {
              "Name": "default-PublicSubnet2"
            },
            "tags_all": {
              "Name": "default-PublicSubnet2"
            },
            "timeouts": null,
            "vpc_id": "vpc-0743d1262d051d0d8"
          },
          "sensitive_attributes": [],
          "private": "eyJlMmJmYjczMC1lY2FhLTExZTYtOGY4OC0zNDM2M2JjN2M0YzAiOnsiY3JlYXRlIjo2MDAwMDAwMDAwMDAsImRlbGV0ZSI6MTIwMDAwMDAwMDAwMH0sInNjaGVtYV92ZXJzaW9uIjoiMSJ9",
          "dependencies": [
            "module.secondaryvpc.aws_vpc.VPC",
            "module.secondaryvpc.data.aws_availability_zones.available"
          ]
        }
      ]
    },
    {
      "module": "module.secondaryvpc",
      "mode": "managed",
      "type": "aws_vpc",
      "name": "VPC",
      "provider": "provider[\"registry.terraform.io/hashicorp/aws\"]",
      "instances": [
        {
          "schema_version": 1,
          "attributes": {
            "arn": "arn:aws:ec2:us-east-1:540282036386:vpc/vpc-0743d1262d051d0d8",
            "assign_generated_ipv6_cidr_block": false,
            "cidr_block": "10.0.0.0/16",
            "default_network_acl_id": "acl-034901af090c1ecb5",
            "default_route_table_id": "rtb-08246ff5413218ed5",
            "default_security_group_id": "sg-0a0113525785e66c4",
            "dhcp_options_id": "dopt-0e611fc79e8b76da6",
            "enable_classiclink": false,
            "enable_classiclink_dns_support": false,
            "enable_dns_hostnames": false,
            "enable_dns_support": true,
            "id": "vpc-0743d1262d051d0d8",
            "instance_tenancy": "default",
            "ipv4_ipam_pool_id": null,
            "ipv4_netmask_length": null,
            "ipv6_association_id": "",
            "ipv6_cidr_block": "",
            "ipv6_cidr_block_network_border_group": null,
            "ipv6_ipam_pool_id": null,
            "ipv6_netmask_length": null,
            "main_route_table_id": "rtb-08246ff5413218ed5",
            "owner_id": "540282036386",
            "tags": {
              "Name": "default-VPC"
            },
            "tags_all": {
              "Name": "default-VPC"
            }
          },
          "sensitive_attributes": [],
          "private": "eyJzY2hlbWFfdmVyc2lvbiI6IjEifQ=="
        }
      ]
    },
    {
      "module": "module.secondaryvpc",
      "mode": "managed",
      "type": "aws_vpc_endpoint",
      "name": "s3",
      "provider": "provider[\"registry.terraform.io/hashicorp/aws\"]",
      "instances": [
        {
          "schema_version": 0,
          "attributes": {
            "arn": "arn:aws:ec2:us-east-1:540282036386:vpc-endpoint/vpce-0ca32942c656e4694",
            "auto_accept": null,
            "cidr_blocks": [
              "52.216.0.0/15",
              "54.231.0.0/16",
              "3.5.0.0/19"
            ],
            "dns_entry": [],
            "id": "vpce-0ca32942c656e4694",
            "network_interface_ids": [],
            "owner_id": "540282036386",
            "policy": "{\"Statement\":[{\"Action\":\"*\",\"Effect\":\"Allow\",\"Principal\":\"*\",\"Resource\":\"*\"}],\"Version\":\"2008-10-17\"}",
            "prefix_list_id": "pl-63a5400a",
            "private_dns_enabled": false,
            "requester_managed": false,
            "route_table_ids": [
              "rtb-0a613463cbb454396"
            ],
            "security_group_ids": [],
            "service_name": "com.amazonaws.us-east-1.s3",
            "state": "available",
            "subnet_ids": [],
            "tags": {},
            "tags_all": {},
            "timeouts": null,
            "vpc_endpoint_type": "Gateway",
            "vpc_id": "vpc-0743d1262d051d0d8"
          },
          "sensitive_attributes": [],
          "private": "eyJlMmJmYjczMC1lY2FhLTExZTYtOGY4OC0zNDM2M2JjN2M0YzAiOnsiY3JlYXRlIjo2MDAwMDAwMDAwMDAsImRlbGV0ZSI6NjAwMDAwMDAwMDAwLCJ1cGRhdGUiOjYwMDAwMDAwMDAwMH19",
          "dependencies": [
            "module.secondaryvpc.aws_vpc.VPC"
          ]
        }
      ]
    },
    {
      "module": "module.secondaryvpc",
      "mode": "managed",
      "type": "aws_vpc_endpoint_route_table_association",
      "name": "route_table_association",
      "provider": "provider[\"registry.terraform.io/hashicorp/aws\"]",
      "instances": [
        {
          "schema_version": 0,
          "attributes": {
            "id": "a-vpce-0ca32942c656e46942690035696",
            "route_table_id": "rtb-0a613463cbb454396",
            "vpc_endpoint_id": "vpce-0ca32942c656e4694"
          },
          "sensitive_attributes": [],
          "private": "bnVsbA==",
          "dependencies": [
            "module.secondaryvpc.aws_vpc.VPC",
            "module.secondaryvpc.aws_vpc_endpoint.s3",
            "module.secondaryvpc.aws_route_table.PublicRouteTable"
          ]
        }
      ]
    },
    {
      "module": "module.vpc",
      "mode": "data",
      "type": "aws_availability_zones",
      "name": "available",
      "provider": "provider[\"registry.terraform.io/hashicorp/aws\"]",
      "instances": [
        {
          "schema_version": 0,
          "attributes": {
            "all_availability_zones": null,
            "exclude_names": null,
            "exclude_zone_ids": null,
            "filter": null,
            "group_names": [
              "us-east-1"
            ],
            "id": "us-east-1",
            "names": [
              "us-east-1a",
              "us-east-1b",
              "us-east-1c",
              "us-east-1d",
              "us-east-1e",
              "us-east-1f"
            ],
            "state": "available",
            "zone_ids": [
              "use1-az4",
              "use1-az6",
              "use1-az1",
              "use1-az2",
              "use1-az3",
              "use1-az5"
            ]
          },
          "sensitive_attributes": []
        }
      ]
    },
    {
      "module": "module.vpc",
      "mode": "managed",
      "type": "aws_eip",
      "name": "ElasticIPAddress",
      "provider": "provider[\"registry.terraform.io/hashicorp/aws\"]",
      "instances": [
        {
          "schema_version": 0,
          "attributes": {
            "address": null,
            "allocation_id": "eipalloc-02d736e7c78db28d2",
            "associate_with_private_ip": null,
            "association_id": "eipassoc-0de5faae88e1adfd7",
            "carrier_ip": "",
            "customer_owned_ip": "",
            "customer_owned_ipv4_pool": "",
            "domain": "vpc",
            "id": "eipalloc-02d736e7c78db28d2",
            "instance": "",
            "network_border_group": "us-east-1",
            "network_interface": "eni-05f708a661caca183",
            "private_dns": "ip-10-0-1-78.ec2.internal",
            "private_ip": "10.0.1.78",
            "public_dns": "ec2-52-3-2-21.compute-1.amazonaws.com",
            "public_ip": "52.3.2.21",
            "public_ipv4_pool": "amazon",
            "tags": {},
            "tags_all": {},
            "timeouts": null,
            "vpc": true
          },
          "sensitive_attributes": [],
          "private": "eyJlMmJmYjczMC1lY2FhLTExZTYtOGY4OC0zNDM2M2JjN2M0YzAiOnsiZGVsZXRlIjoxODAwMDAwMDAwMDAsInJlYWQiOjkwMDAwMDAwMDAwMCwidXBkYXRlIjozMDAwMDAwMDAwMDB9fQ==",
          "dependencies": [
            "module.vpc.aws_internet_gateway.InternetGateway",
            "module.vpc.aws_vpc.VPC"
          ]
        }
      ]
    },
    {
      "module": "module.vpc",
      "mode": "managed",
      "type": "aws_internet_gateway",
      "name": "InternetGateway",
      "provider": "provider[\"registry.terraform.io/hashicorp/aws\"]",
      "instances": [
        {
          "schema_version": 0,
          "attributes": {
            "arn": "arn:aws:ec2:us-east-1:540282036386:internet-gateway/igw-07e1500a535442b5d",
            "id": "igw-07e1500a535442b5d",
            "owner_id": "540282036386",
            "tags": {
              "Name": "default-InternetGateway"
            },
            "tags_all": {
              "Name": "default-InternetGateway"
            },
            "vpc_id": "vpc-001d5801ef363caa0"
          },
          "sensitive_attributes": [],
          "private": "bnVsbA==",
          "dependencies": [
            "module.vpc.aws_vpc.VPC"
          ]
        }
      ]
    },
    {
      "module": "module.vpc",
      "mode": "managed",
      "type": "aws_nat_gateway",
      "name": "NATGateway",
      "provider": "provider[\"registry.terraform.io/hashicorp/aws\"]",
      "instances": [
        {
          "schema_version": 0,
          "attributes": {
            "allocation_id": "eipalloc-02d736e7c78db28d2",
            "connectivity_type": "public",
            "id": "nat-029873d94bf5999fa",
            "network_interface_id": "eni-05f708a661caca183",
            "private_ip": "10.0.1.78",
            "public_ip": "52.3.2.21",
            "subnet_id": "subnet-04635ee4cbb5e5585",
            "tags": {
              "Name": "default-NATGateway"
            },
            "tags_all": {
              "Name": "default-NATGateway"
            }
          },
          "sensitive_attributes": [],
          "private": "bnVsbA==",
          "dependencies": [
            "module.vpc.aws_vpc.VPC",
            "module.vpc.data.aws_availability_zones.available",
            "module.vpc.aws_eip.ElasticIPAddress",
            "module.vpc.aws_internet_gateway.InternetGateway",
            "module.vpc.aws_subnet.PublicSubnet"
          ]
        }
      ]
    },
    {
      "module": "module.vpc",
      "mode": "managed",
      "type": "aws_route",
      "name": "PrivateRoute",
      "provider": "provider[\"registry.terraform.io/hashicorp/aws\"]",
      "instances": [
        {
          "schema_version": 0,
          "attributes": {
            "carrier_gateway_id": "",
            "destination_cidr_block": "0.0.0.0/0",
            "destination_ipv6_cidr_block": "",
            "destination_prefix_list_id": "",
            "egress_only_gateway_id": "",
            "gateway_id": "",
            "id": "r-rtb-04b4ce8941e498b941080289494",
            "instance_id": "",
            "instance_owner_id": "",
            "local_gateway_id": "",
            "nat_gateway_id": "nat-029873d94bf5999fa",
            "network_interface_id": "",
            "origin": "CreateRoute",
            "route_table_id": "rtb-04b4ce8941e498b94",
            "state": "active",
            "timeouts": null,
            "transit_gateway_id": "",
            "vpc_endpoint_id": "",
            "vpc_peering_connection_id": ""
          },
          "sensitive_attributes": [],
          "private": "eyJlMmJmYjczMC1lY2FhLTExZTYtOGY4OC0zNDM2M2JjN2M0YzAiOnsiY3JlYXRlIjozMDAwMDAwMDAwMDAsImRlbGV0ZSI6MzAwMDAwMDAwMDAwLCJ1cGRhdGUiOjEyMDAwMDAwMDAwMH19",
          "dependencies": [
            "module.vpc.aws_nat_gateway.NATGateway",
            "module.vpc.aws_route_table.PrivateRouteTable"
          ]
        }
      ]
    },
    {
      "module": "module.vpc",
      "mode": "managed",
      "type": "aws_route",
      "name": "PublicRoute",
      "provider": "provider[\"registry.terraform.io/hashicorp/aws\"]",
      "instances": [
        {
          "schema_version": 0,
          "attributes": {
            "carrier_gateway_id": "",
            "destination_cidr_block": "0.0.0.0/0",
            "destination_ipv6_cidr_block": "",
            "destination_prefix_list_id": "",
            "egress_only_gateway_id": "",
            "gateway_id": "igw-07e1500a535442b5d",
            "id": "r-rtb-0d72c459546c2ae7a1080289494",
            "instance_id": "",
            "instance_owner_id": "",
            "local_gateway_id": "",
            "nat_gateway_id": "",
            "network_interface_id": "",
            "origin": "CreateRoute",
            "route_table_id": "rtb-0d72c459546c2ae7a",
            "state": "active",
            "timeouts": null,
            "transit_gateway_id": "",
            "vpc_endpoint_id": "",
            "vpc_peering_connection_id": ""
          },
          "sensitive_attributes": [],
          "private": "eyJlMmJmYjczMC1lY2FhLTExZTYtOGY4OC0zNDM2M2JjN2M0YzAiOnsiY3JlYXRlIjozMDAwMDAwMDAwMDAsImRlbGV0ZSI6MzAwMDAwMDAwMDAwLCJ1cGRhdGUiOjEyMDAwMDAwMDAwMH19",
          "dependencies": [
            "module.vpc.aws_internet_gateway.InternetGateway",
            "module.vpc.aws_route_table.PublicRouteTable",
            "module.vpc.aws_vpc.VPC"
          ]
        }
      ]
    },
    {
      "module": "module.vpc",
      "mode": "managed",
      "type": "aws_route_table",
      "name": "PrivateRouteTable",
      "provider": "provider[\"registry.terraform.io/hashicorp/aws\"]",
      "instances": [
        {
          "schema_version": 0,
          "attributes": {
            "arn": "arn:aws:ec2:us-east-1:540282036386:route-table/rtb-04b4ce8941e498b94",
            "id": "rtb-04b4ce8941e498b94",
            "owner_id": "540282036386",
            "propagating_vgws": [],
            "route": [
              {
                "carrier_gateway_id": "",
                "cidr_block": "0.0.0.0/0",
                "destination_prefix_list_id": "",
                "egress_only_gateway_id": "",
                "gateway_id": "",
                "instance_id": "",
                "ipv6_cidr_block": "",
                "local_gateway_id": "",
                "nat_gateway_id": "nat-029873d94bf5999fa",
                "network_interface_id": "",
                "transit_gateway_id": "",
                "vpc_endpoint_id": "",
                "vpc_peering_connection_id": ""
              }
            ],
            "tags": {
              "Name": "default-PrivateRouteTable"
            },
            "tags_all": {
              "Name": "default-PrivateRouteTable"
            },
            "timeouts": null,
            "vpc_id": "vpc-001d5801ef363caa0"
          },
          "sensitive_attributes": [],
          "private": "eyJlMmJmYjczMC1lY2FhLTExZTYtOGY4OC0zNDM2M2JjN2M0YzAiOnsiY3JlYXRlIjozMDAwMDAwMDAwMDAsImRlbGV0ZSI6MzAwMDAwMDAwMDAwLCJ1cGRhdGUiOjEyMDAwMDAwMDAwMH19",
          "dependencies": [
            "module.vpc.aws_vpc.VPC"
          ]
        }
      ]
    },
    {
      "module": "module.vpc",
      "mode": "managed",
      "type": "aws_route_table",
      "name": "PublicRouteTable",
      "provider": "provider[\"registry.terraform.io/hashicorp/aws\"]",
      "instances": [
        {
          "schema_version": 0,
          "attributes": {
            "arn": "arn:aws:ec2:us-east-1:540282036386:route-table/rtb-0d72c459546c2ae7a",
            "id": "rtb-0d72c459546c2ae7a",
            "owner_id": "540282036386",
            "propagating_vgws": [],
            "route": [
              {
                "carrier_gateway_id": "",
                "cidr_block": "0.0.0.0/0",
                "destination_prefix_list_id": "",
                "egress_only_gateway_id": "",
                "gateway_id": "igw-07e1500a535442b5d",
                "instance_id": "",
                "ipv6_cidr_block": "",
                "local_gateway_id": "",
                "nat_gateway_id": "",
                "network_interface_id": "",
                "transit_gateway_id": "",
                "vpc_endpoint_id": "",
                "vpc_peering_connection_id": ""
              }
            ],
            "tags": {
              "Name": "default-PublicRouteTable"
            },
            "tags_all": {
              "Name": "default-PublicRouteTable"
            },
            "timeouts": null,
            "vpc_id": "vpc-001d5801ef363caa0"
          },
          "sensitive_attributes": [],
          "private": "eyJlMmJmYjczMC1lY2FhLTExZTYtOGY4OC0zNDM2M2JjN2M0YzAiOnsiY3JlYXRlIjozMDAwMDAwMDAwMDAsImRlbGV0ZSI6MzAwMDAwMDAwMDAwLCJ1cGRhdGUiOjEyMDAwMDAwMDAwMH19",
          "dependencies": [
            "module.vpc.aws_vpc.VPC"
          ]
        }
      ]
    },
    {
      "module": "module.vpc",
      "mode": "managed",
      "type": "aws_route_table_association",
      "name": "PrivateSubnetRouteTableAssociation",
      "provider": "provider[\"registry.terraform.io/hashicorp/aws\"]",
      "instances": [
        {
          "index_key": 0,
          "schema_version": 0,
          "attributes": {
            "gateway_id": "",
            "id": "rtbassoc-05be564f93c1d94f0",
            "route_table_id": "rtb-04b4ce8941e498b94",
            "subnet_id": "subnet-03ae6a4e0605ce9b1"
          },
          "sensitive_attributes": [],
          "private": "bnVsbA==",
          "dependencies": [
            "module.vpc.aws_route_table.PrivateRouteTable",
            "module.vpc.aws_subnet.PrivateSubnet",
            "module.vpc.aws_vpc.VPC",
            "module.vpc.data.aws_availability_zones.available"
          ]
        },
        {
          "index_key": 1,
          "schema_version": 0,
          "attributes": {
            "gateway_id": "",
            "id": "rtbassoc-0aa364549e4d49805",
            "route_table_id": "rtb-04b4ce8941e498b94",
            "subnet_id": "subnet-0a00f08ac59f21493"
          },
          "sensitive_attributes": [],
          "private": "bnVsbA==",
          "dependencies": [
            "module.vpc.aws_route_table.PrivateRouteTable",
            "module.vpc.aws_subnet.PrivateSubnet",
            "module.vpc.aws_vpc.VPC",
            "module.vpc.data.aws_availability_zones.available"
          ]
        }
      ]
    },
    {
      "module": "module.vpc",
      "mode": "managed",
      "type": "aws_route_table_association",
      "name": "PublicSubnetRouteTableAssociation",
      "provider": "provider[\"registry.terraform.io/hashicorp/aws\"]",
      "instances": [
        {
          "index_key": 0,
          "schema_version": 0,
          "attributes": {
            "gateway_id": "",
            "id": "rtbassoc-0eb096c5224e158fe",
            "route_table_id": "rtb-0d72c459546c2ae7a",
            "subnet_id": "subnet-04635ee4cbb5e5585"
          },
          "sensitive_attributes": [],
          "private": "bnVsbA==",
          "dependencies": [
            "module.vpc.aws_subnet.PublicSubnet",
            "module.vpc.aws_vpc.VPC",
            "module.vpc.data.aws_availability_zones.available",
            "module.vpc.aws_route_table.PublicRouteTable"
          ]
        },
        {
          "index_key": 1,
          "schema_version": 0,
          "attributes": {
            "gateway_id": "",
            "id": "rtbassoc-0d78afd20f74f66f9",
            "route_table_id": "rtb-0d72c459546c2ae7a",
            "subnet_id": "subnet-0205e35033e33caad"
          },
          "sensitive_attributes": [],
          "private": "bnVsbA==",
          "dependencies": [
            "module.vpc.aws_route_table.PublicRouteTable",
            "module.vpc.aws_subnet.PublicSubnet",
            "module.vpc.aws_vpc.VPC",
            "module.vpc.data.aws_availability_zones.available"
          ]
        }
      ]
    },
    {
      "module": "module.vpc",
      "mode": "managed",
      "type": "aws_subnet",
      "name": "PrivateSubnet",
      "provider": "provider[\"registry.terraform.io/hashicorp/aws\"]",
      "instances": [
        {
          "index_key": 0,
          "schema_version": 1,
          "attributes": {
            "arn": "arn:aws:ec2:us-east-1:540282036386:subnet/subnet-03ae6a4e0605ce9b1",
            "assign_ipv6_address_on_creation": false,
            "availability_zone": "us-east-1a",
            "availability_zone_id": "use1-az4",
            "cidr_block": "10.0.3.0/24",
            "customer_owned_ipv4_pool": "",
            "enable_dns64": false,
            "enable_resource_name_dns_a_record_on_launch": false,
            "enable_resource_name_dns_aaaa_record_on_launch": false,
            "id": "subnet-03ae6a4e0605ce9b1",
            "ipv6_cidr_block": "",
            "ipv6_cidr_block_association_id": "",
            "ipv6_native": false,
            "map_customer_owned_ip_on_launch": false,
            "map_public_ip_on_launch": false,
            "outpost_arn": "",
            "owner_id": "540282036386",
            "private_dns_hostname_type_on_launch": "ip-name",
            "tags": {
              "Name": "default-PrivateSubnet1"
            },
            "tags_all": {
              "Name": "default-PrivateSubnet1"
            },
            "timeouts": null,
            "vpc_id": "vpc-001d5801ef363caa0"
          },
          "sensitive_attributes": [],
          "private": "eyJlMmJmYjczMC1lY2FhLTExZTYtOGY4OC0zNDM2M2JjN2M0YzAiOnsiY3JlYXRlIjo2MDAwMDAwMDAwMDAsImRlbGV0ZSI6MTIwMDAwMDAwMDAwMH0sInNjaGVtYV92ZXJzaW9uIjoiMSJ9",
          "dependencies": [
            "module.vpc.aws_vpc.VPC",
            "module.vpc.data.aws_availability_zones.available"
          ]
        },
        {
          "index_key": 1,
          "schema_version": 1,
          "attributes": {
            "arn": "arn:aws:ec2:us-east-1:540282036386:subnet/subnet-0a00f08ac59f21493",
            "assign_ipv6_address_on_creation": false,
            "availability_zone": "us-east-1b",
            "availability_zone_id": "use1-az6",
            "cidr_block": "10.0.4.0/24",
            "customer_owned_ipv4_pool": "",
            "enable_dns64": false,
            "enable_resource_name_dns_a_record_on_launch": false,
            "enable_resource_name_dns_aaaa_record_on_launch": false,
            "id": "subnet-0a00f08ac59f21493",
            "ipv6_cidr_block": "",
            "ipv6_cidr_block_association_id": "",
            "ipv6_native": false,
            "map_customer_owned_ip_on_launch": false,
            "map_public_ip_on_launch": false,
            "outpost_arn": "",
            "owner_id": "540282036386",
            "private_dns_hostname_type_on_launch": "ip-name",
            "tags": {
              "Name": "default-PrivateSubnet2"
            },
            "tags_all": {
              "Name": "default-PrivateSubnet2"
            },
            "timeouts": null,
            "vpc_id": "vpc-001d5801ef363caa0"
          },
          "sensitive_attributes": [],
          "private": "eyJlMmJmYjczMC1lY2FhLTExZTYtOGY4OC0zNDM2M2JjN2M0YzAiOnsiY3JlYXRlIjo2MDAwMDAwMDAwMDAsImRlbGV0ZSI6MTIwMDAwMDAwMDAwMH0sInNjaGVtYV92ZXJzaW9uIjoiMSJ9",
          "dependencies": [
            "module.vpc.aws_vpc.VPC",
            "module.vpc.data.aws_availability_zones.available"
          ]
        }
      ]
    },
    {
      "module": "module.vpc",
      "mode": "managed",
      "type": "aws_subnet",
      "name": "PublicSubnet",
      "provider": "provider[\"registry.terraform.io/hashicorp/aws\"]",
      "instances": [
        {
          "index_key": 0,
          "schema_version": 1,
          "attributes": {
            "arn": "arn:aws:ec2:us-east-1:540282036386:subnet/subnet-04635ee4cbb5e5585",
            "assign_ipv6_address_on_creation": false,
            "availability_zone": "us-east-1a",
            "availability_zone_id": "use1-az4",
            "cidr_block": "10.0.1.0/24",
            "customer_owned_ipv4_pool": "",
            "enable_dns64": false,
            "enable_resource_name_dns_a_record_on_launch": false,
            "enable_resource_name_dns_aaaa_record_on_launch": false,
            "id": "subnet-04635ee4cbb5e5585",
            "ipv6_cidr_block": "",
            "ipv6_cidr_block_association_id": "",
            "ipv6_native": false,
            "map_customer_owned_ip_on_launch": false,
            "map_public_ip_on_launch": true,
            "outpost_arn": "",
            "owner_id": "540282036386",
            "private_dns_hostname_type_on_launch": "ip-name",
            "tags": {
              "Name": "default-PublicSubnet1"
            },
            "tags_all": {
              "Name": "default-PublicSubnet1"
            },
            "timeouts": null,
            "vpc_id": "vpc-001d5801ef363caa0"
          },
          "sensitive_attributes": [],
          "private": "eyJlMmJmYjczMC1lY2FhLTExZTYtOGY4OC0zNDM2M2JjN2M0YzAiOnsiY3JlYXRlIjo2MDAwMDAwMDAwMDAsImRlbGV0ZSI6MTIwMDAwMDAwMDAwMH0sInNjaGVtYV92ZXJzaW9uIjoiMSJ9",
          "dependencies": [
            "module.vpc.aws_vpc.VPC",
            "module.vpc.data.aws_availability_zones.available"
          ]
        },
        {
          "index_key": 1,
          "schema_version": 1,
          "attributes": {
            "arn": "arn:aws:ec2:us-east-1:540282036386:subnet/subnet-0205e35033e33caad",
            "assign_ipv6_address_on_creation": false,
            "availability_zone": "us-east-1b",
            "availability_zone_id": "use1-az6",
            "cidr_block": "10.0.2.0/24",
            "customer_owned_ipv4_pool": "",
            "enable_dns64": false,
            "enable_resource_name_dns_a_record_on_launch": false,
            "enable_resource_name_dns_aaaa_record_on_launch": false,
            "id": "subnet-0205e35033e33caad",
            "ipv6_cidr_block": "",
            "ipv6_cidr_block_association_id": "",
            "ipv6_native": false,
            "map_customer_owned_ip_on_launch": false,
            "map_public_ip_on_launch": true,
            "outpost_arn": "",
            "owner_id": "540282036386",
            "private_dns_hostname_type_on_launch": "ip-name",
            "tags": {
              "Name": "default-PublicSubnet2"
            },
            "tags_all": {
              "Name": "default-PublicSubnet2"
            },
            "timeouts": null,
            "vpc_id": "vpc-001d5801ef363caa0"
          },
          "sensitive_attributes": [],
          "private": "eyJlMmJmYjczMC1lY2FhLTExZTYtOGY4OC0zNDM2M2JjN2M0YzAiOnsiY3JlYXRlIjo2MDAwMDAwMDAwMDAsImRlbGV0ZSI6MTIwMDAwMDAwMDAwMH0sInNjaGVtYV92ZXJzaW9uIjoiMSJ9",
          "dependencies": [
            "module.vpc.aws_vpc.VPC",
            "module.vpc.data.aws_availability_zones.available"
          ]
        }
      ]
    },
    {
      "module": "module.vpc",
      "mode": "managed",
      "type": "aws_vpc",
      "name": "VPC",
      "provider": "provider[\"registry.terraform.io/hashicorp/aws\"]",
      "instances": [
        {
          "schema_version": 1,
          "attributes": {
            "arn": "arn:aws:ec2:us-east-1:540282036386:vpc/vpc-001d5801ef363caa0",
            "assign_generated_ipv6_cidr_block": false,
            "cidr_block": "10.0.0.0/16",
            "default_network_acl_id": "acl-015109d29f881b143",
            "default_route_table_id": "rtb-0e7dda330a3b4a6b0",
            "default_security_group_id": "sg-01c2372e297a5257b",
            "dhcp_options_id": "dopt-0e611fc79e8b76da6",
            "enable_classiclink": false,
            "enable_classiclink_dns_support": false,
            "enable_dns_hostnames": false,
            "enable_dns_support": true,
            "id": "vpc-001d5801ef363caa0",
            "instance_tenancy": "default",
            "ipv4_ipam_pool_id": null,
            "ipv4_netmask_length": null,
            "ipv6_association_id": "",
            "ipv6_cidr_block": "",
            "ipv6_cidr_block_network_border_group": null,
            "ipv6_ipam_pool_id": null,
            "ipv6_netmask_length": null,
            "main_route_table_id": "rtb-0e7dda330a3b4a6b0",
            "owner_id": "540282036386",
            "tags": {
              "Name": "default-VPC"
            },
            "tags_all": {
              "Name": "default-VPC"
            }
          },
          "sensitive_attributes": [],
          "private": "eyJzY2hlbWFfdmVyc2lvbiI6IjEifQ=="
        }
      ]
    },
    {
      "module": "module.vpc",
      "mode": "managed",
      "type": "aws_vpc_endpoint",
      "name": "s3",
      "provider": "provider[\"registry.terraform.io/hashicorp/aws\"]",
      "instances": [
        {
          "schema_version": 0,
          "attributes": {
            "arn": "arn:aws:ec2:us-east-1:540282036386:vpc-endpoint/vpce-0858f33ca0d14c8c9",
            "auto_accept": null,
            "cidr_blocks": [
              "52.216.0.0/15",
              "54.231.0.0/16",
              "3.5.0.0/19"
            ],
            "dns_entry": [],
            "id": "vpce-0858f33ca0d14c8c9",
            "network_interface_ids": [],
            "owner_id": "540282036386",
            "policy": "{\"Statement\":[{\"Action\":\"*\",\"Effect\":\"Allow\",\"Principal\":\"*\",\"Resource\":\"*\"}],\"Version\":\"2008-10-17\"}",
            "prefix_list_id": "pl-63a5400a",
            "private_dns_enabled": false,
            "requester_managed": false,
            "route_table_ids": [
              "rtb-0d72c459546c2ae7a"
            ],
            "security_group_ids": [],
            "service_name": "com.amazonaws.us-east-1.s3",
            "state": "available",
            "subnet_ids": [],
            "tags": {},
            "tags_all": {},
            "timeouts": null,
            "vpc_endpoint_type": "Gateway",
            "vpc_id": "vpc-001d5801ef363caa0"
          },
          "sensitive_attributes": [],
          "private": "eyJlMmJmYjczMC1lY2FhLTExZTYtOGY4OC0zNDM2M2JjN2M0YzAiOnsiY3JlYXRlIjo2MDAwMDAwMDAwMDAsImRlbGV0ZSI6NjAwMDAwMDAwMDAwLCJ1cGRhdGUiOjYwMDAwMDAwMDAwMH19",
          "dependencies": [
            "module.vpc.aws_vpc.VPC"
          ]
        }
      ]
    },
    {
      "module": "module.vpc",
      "mode": "managed",
      "type": "aws_vpc_endpoint_route_table_association",
      "name": "route_table_association",
      "provider": "provider[\"registry.terraform.io/hashicorp/aws\"]",
      "instances": [
        {
          "schema_version": 0,
          "attributes": {
            "id": "a-vpce-0858f33ca0d14c8c92172772961",
            "route_table_id": "rtb-0d72c459546c2ae7a",
            "vpc_endpoint_id": "vpce-0858f33ca0d14c8c9"
          },
          "sensitive_attributes": [],
          "private": "bnVsbA==",
          "dependencies": [
            "module.vpc.aws_route_table.PublicRouteTable",
            "module.vpc.aws_vpc.VPC",
            "module.vpc.aws_vpc_endpoint.s3"
          ]
        }
      ]
    }
  ]
}
